# This file is autogenerated, do not edit; changes may be undone by the next 'dep ensure'.


[[projects]]
  name = "github.com/aws/aws-sdk-go"
  packages = ["aws","aws/awserr","aws/awsutil","aws/client","aws/client/metadata","aws/corehandlers","aws/credentials","aws/credentials/ec2rolecreds","aws/credentials/endpointcreds","aws/credentials/stscreds","aws/defaults","aws/ec2metadata","aws/endpoints","aws/request","aws/session","aws/signer/v4","internal/shareddefaults","private/protocol","private/protocol/query","private/protocol/query/queryutil","private/protocol/rest","private/protocol/restxml","private/protocol/xml/xmlutil","service/s3","service/s3/s3iface","service/s3/s3manager","service/sts"]
  revision = "7cb0cfd8c7a20efc2ec149e50eb55fc770c673d8"
  version = "v1.12.10"

[[projects]]
  name = "github.com/go-ini/ini"
  packages = ["."]
  revision = "5b3e00af70a9484542169a976dcab8d03e601a17"
  version = "v1.30.0"

[[projects]]
  name = "github.com/jmespath/go-jmespath"
  packages = ["."]
  revision = "0b12d6b5"

[solve-meta]
  analyzer-name = "dep"
  analyzer-version = 1
  inputs-digest = "d8700f84cdcae25ac7dfba963af15ba319b57aa9c32c5cb992cc545ac7e76934"
  solver-name = "gps-cdcl"
  solver-version = 1
